{
    "_readme": [
        "This file locks the dependencies of your project to a known state",
        "Read more about it at https://getcomposer.org/doc/01-basic-usage.md#composer-lock-the-lock-file",
        "This file is @generated automatically"
    ],
    "hash": "765875a6b098c4c6dc8722ce9fa3e071",
    "packages": [
        {
            "name": "pimple/pimple",
            "version": "1.1.x-dev",
            "source": {
                "type": "git",
                "url": "https://github.com/silexphp/Pimple.git",
                "reference": "bc2fc12cdf1f29bcad9e650d493a54a8fd1f3d85"
            },
            "dist": {
                "type": "zip",
                "url": "https://api.github.com/repos/silexphp/Pimple/zipball/bc2fc12cdf1f29bcad9e650d493a54a8fd1f3d85",
                "reference": "bc2fc12cdf1f29bcad9e650d493a54a8fd1f3d85",
                "shasum": ""
            },
            "require": {
                "php": ">=5.3.0"
            },
            "type": "library",
            "extra": {
                "branch-alias": {
                    "dev-master": "1.1.x-dev"
                }
            },
            "autoload": {
                "psr-0": {
                    "Pimple": "lib/"
                }
            },
            "notification-url": "https://packagist.org/downloads/",
            "license": [
                "MIT"
            ],
            "authors": [
                {
                    "name": "Fabien Potencier",
                    "email": "fabien@symfony.com"
                }
            ],
            "description": "Pimple is a simple Dependency Injection Container for PHP 5.3",
            "homepage": "http://pimple.sensiolabs.org",
            "keywords": [
                "container",
                "dependency injection"
            ],
            "time": "2014-04-20 07:24:09"
        },
        {
            "name": "psr/log",
            "version": "dev-master",
            "source": {
                "type": "git",
                "url": "https://github.com/php-fig/log.git",
                "reference": "9e45edca52cc9c954680072c93e621f8b71fab26"
            },
            "dist": {
                "type": "zip",
                "url": "https://api.github.com/repos/php-fig/log/zipball/9e45edca52cc9c954680072c93e621f8b71fab26",
                "reference": "9e45edca52cc9c954680072c93e621f8b71fab26",
                "shasum": ""
            },
            "require": {
                "php": ">=5.3.0"
            },
            "type": "library",
            "extra": {
                "branch-alias": {
                    "dev-master": "1.0.x-dev"
                }
            },
            "autoload": {
                "psr-4": {
                    "Psr\\Log\\": "Psr/Log/"
                }
            },
            "notification-url": "https://packagist.org/downloads/",
            "license": [
                "MIT"
            ],
            "authors": [
                {
                    "name": "PHP-FIG",
                    "homepage": "http://www.php-fig.org/"
                }
            ],
            "description": "Common interface for logging libraries",
            "keywords": [
                "log",
                "psr",
                "psr-3"
            ],
            "time": "2015-06-02 13:48:41"
        },
        {
            "name": "silex/silex",
            "version": "1.0.x-dev",
            "source": {
                "type": "git",
                "url": "https://github.com/silexphp/Silex.git",
                "reference": "75b8714f00bf4e64eedc0d9283b03eb05af67196"
            },
            "dist": {
                "type": "zip",
                "url": "https://api.github.com/repos/silexphp/Silex/zipball/75b8714f00bf4e64eedc0d9283b03eb05af67196",
                "reference": "75b8714f00bf4e64eedc0d9283b03eb05af67196",
                "shasum": ""
            },
            "require": {
                "php": ">=5.3.3",
                "pimple/pimple": "1.*",
                "symfony/event-dispatcher": ">=2.1,<2.4-dev",
                "symfony/http-foundation": ">=2.1,<2.4-dev",
                "symfony/http-kernel": ">=2.1,<2.4-dev",
                "symfony/routing": ">=2.1,<2.4-dev"
            },
            "require-dev": {
                "doctrine/dbal": ">=2.2.0,<2.4.0-dev",
                "monolog/monolog": "~1.4,>=1.4.1",
                "swiftmailer/swiftmailer": "5.*",
                "symfony/browser-kit": ">=2.1,<2.4-dev",
                "symfony/config": ">=2.1,<2.4-dev",
                "symfony/css-selector": ">=2.1,<2.4-dev",
                "symfony/dom-crawler": ">=2.1,<2.4-dev",
                "symfony/finder": ">=2.1,<2.4-dev",
                "symfony/form": ">=2.1.4,<2.4-dev",
                "symfony/locale": ">=2.1,<2.4-dev",
                "symfony/monolog-bridge": ">=2.1,<2.4-dev",
                "symfony/options-resolver": ">=2.1,<2.4-dev",
                "symfony/process": ">=2.1,<2.4-dev",
                "symfony/security": ">=2.1,<2.4-dev",
                "symfony/serializer": ">=2.1,<2.4-dev",
                "symfony/translation": ">=2.1,<2.4-dev",
                "symfony/twig-bridge": ">=2.1,<2.4-dev",
                "symfony/validator": ">=2.1,<2.4-dev",
                "twig/twig": ">=1.8.0,<2.0-dev"
            },
            "suggest": {
                "symfony/browser-kit": ">=2.1,<2.4-dev",
                "symfony/css-selector": ">=2.1,<2.4-dev",
                "symfony/dom-crawler": ">=2.1,<2.4-dev",
                "symfony/form": ">= 2.1.4,<2.4-dev"
            },
            "type": "library",
            "extra": {
                "branch-alias": {
                    "dev-master": "1.0.x-dev"
                }
            },
            "autoload": {
                "psr-0": {
                    "Silex": "src/"
                }
            },
            "notification-url": "https://packagist.org/downloads/",
            "license": [
                "MIT"
            ],
            "authors": [
                {
                    "name": "Fabien Potencier",
                    "email": "fabien@symfony.com",
                    "homepage": "http://fabien.potencier.org",
                    "role": "Lead Developer"
                },
                {
                    "name": "Igor Wiedler",
                    "email": "igor@wiedler.ch",
                    "homepage": "http://wiedler.ch/igor/"
                }
            ],
            "description": "The PHP micro-framework based on the Symfony2 Components",
            "homepage": "http://silex.sensiolabs.org",
            "keywords": [
                "microframework"
            ],
            "time": "2014-06-06 05:48:07"
        },
        {
            "name": "symfony/debug",
            "version": "2.8.x-dev",
            "source": {
                "type": "git",
                "url": "https://github.com/symfony/Debug.git",
                "reference": "e60f2546284ffe903439b9c2a1380e71235cd97f"
            },
            "dist": {
                "type": "zip",
                "url": "https://api.github.com/repos/symfony/Debug/zipball/e60f2546284ffe903439b9c2a1380e71235cd97f",
                "reference": "e60f2546284ffe903439b9c2a1380e71235cd97f",
                "shasum": ""
            },
            "require": {
                "php": ">=5.3.9",
                "psr/log": "~1.0"
            },
            "conflict": {
                "symfony/http-kernel": ">=2.3,<2.3.24|~2.4.0|>=2.5,<2.5.9|>=2.6,<2.6.2"
            },
            "require-dev": {
                "symfony/class-loader": "~2.2|~3.0.0",
                "symfony/http-kernel": "~2.3.24|~2.5.9|~2.6,>=2.6.2|~3.0.0",
                "symfony/phpunit-bridge": "~2.7|~3.0.0"
            },
            "type": "library",
            "extra": {
                "branch-alias": {
                    "dev-master": "2.8-dev"
                }
            },
            "autoload": {
                "psr-4": {
                    "Symfony\\Component\\Debug\\": ""
                }
            },
            "notification-url": "https://packagist.org/downloads/",
            "license": [
                "MIT"
            ],
            "authors": [
                {
                    "name": "Fabien Potencier",
                    "email": "fabien@symfony.com"
                },
                {
                    "name": "Symfony Community",
                    "homepage": "https://symfony.com/contributors"
                }
            ],
            "description": "Symfony Debug Component",
            "homepage": "https://symfony.com",
            "time": "2015-08-22 07:42:07"
        },
        {
            "name": "symfony/event-dispatcher",
            "version": "2.3.x-dev",
            "target-dir": "Symfony/Component/EventDispatcher",
            "source": {
                "type": "git",
                "url": "https://github.com/symfony/EventDispatcher.git",
                "reference": "af8fba40bdab97fc666173a8c2087e02445c231c"
            },
            "dist": {
                "type": "zip",
                "url": "https://api.github.com/repos/symfony/EventDispatcher/zipball/af8fba40bdab97fc666173a8c2087e02445c231c",
                "reference": "af8fba40bdab97fc666173a8c2087e02445c231c",
                "shasum": ""
            },
            "require": {
                "php": ">=5.3.3"
            },
            "require-dev": {
                "symfony/dependency-injection": "~2.0,>=2.0.5",
                "symfony/phpunit-bridge": "~2.7"
            },
            "suggest": {
                "symfony/dependency-injection": "",
                "symfony/http-kernel": ""
            },
            "type": "library",
            "extra": {
                "branch-alias": {
                    "dev-master": "2.3-dev"
                }
            },
            "autoload": {
                "psr-0": {
                    "Symfony\\Component\\EventDispatcher\\": ""
                }
            },
            "notification-url": "https://packagist.org/downloads/",
            "license": [
                "MIT"
            ],
            "authors": [
                {
                    "name": "Fabien Potencier",
                    "email": "fabien@symfony.com"
                },
                {
                    "name": "Symfony Community",
                    "homepage": "https://symfony.com/contributors"
                }
            ],
            "description": "Symfony EventDispatcher Component",
            "homepage": "https://symfony.com",
            "time": "2015-05-15 13:28:34"
        },
        {
            "name": "symfony/http-foundation",
            "version": "2.3.x-dev",
            "target-dir": "Symfony/Component/HttpFoundation",
            "source": {
                "type": "git",
                "url": "https://github.com/symfony/HttpFoundation.git",
                "reference": "fd351e4abb56b05ba05023f6ae4185873978da10"
            },
            "dist": {
                "type": "zip",
                "url": "https://api.github.com/repos/symfony/HttpFoundation/zipball/fd351e4abb56b05ba05023f6ae4185873978da10",
                "reference": "fd351e4abb56b05ba05023f6ae4185873978da10",
                "shasum": ""
            },
            "require": {
                "php": ">=5.3.3"
            },
            "require-dev": {
                "symfony/phpunit-bridge": "~2.7"
            },
            "type": "library",
            "extra": {
                "branch-alias": {
                    "dev-master": "2.3-dev"
                }
            },
            "autoload": {
                "psr-0": {
                    "Symfony\\Component\\HttpFoundation\\": ""
                },
                "classmap": [
                    "Symfony/Component/HttpFoundation/Resources/stubs"
                ]
            },
            "notification-url": "https://packagist.org/downloads/",
            "license": [
                "MIT"
            ],
            "authors": [
                {
                    "name": "Fabien Potencier",
                    "email": "fabien@symfony.com"
                },
                {
                    "name": "Symfony Community",
                    "homepage": "https://symfony.com/contributors"
                }
            ],
            "description": "Symfony HttpFoundation Component",
            "homepage": "https://symfony.com",
            "time": "2015-08-25 21:41:39"
        },
        {
            "name": "symfony/http-kernel",
            "version": "2.3.x-dev",
            "target-dir": "Symfony/Component/HttpKernel",
            "source": {
                "type": "git",
                "url": "https://github.com/symfony/HttpKernel.git",
                "reference": "1c74b620e40be3ddd1372c27eccf91f421798dfd"
            },
            "dist": {
                "type": "zip",
                "url": "https://api.github.com/repos/symfony/HttpKernel/zipball/1c74b620e40be3ddd1372c27eccf91f421798dfd",
                "reference": "1c74b620e40be3ddd1372c27eccf91f421798dfd",
                "shasum": ""
            },
            "require": {
                "php": ">=5.3.3",
                "psr/log": "~1.0",
                "symfony/debug": "~2.3.24|~2.5.9|~2.6,>=2.6.2",
                "symfony/event-dispatcher": "~2.1",
                "symfony/http-foundation": "~2.3,>=2.3.4"
            },
            "require-dev": {
                "symfony/browser-kit": "~2.3",
                "symfony/class-loader": "~2.1",
                "symfony/config": "~2.0,>=2.0.5",
                "symfony/console": "~2.2",
                "symfony/css-selector": "~2.0,>=2.0.5",
                "symfony/dependency-injection": "~2.2",
                "symfony/dom-crawler": "~2.0,>=2.0.5",
                "symfony/finder": "~2.0,>=2.0.5",
                "symfony/phpunit-bridge": "~2.7",
                "symfony/process": "~2.0,>=2.0.5",
                "symfony/routing": "~2.2",
                "symfony/stopwatch": "~2.3",
                "symfony/templating": "~2.2"
            },
            "suggest": {
                "symfony/browser-kit": "",
                "symfony/class-loader": "",
                "symfony/config": "",
                "symfony/console": "",
                "symfony/dependency-injection": "",
                "symfony/finder": ""
            },
            "type": "library",
            "extra": {
                "branch-alias": {
                    "dev-master": "2.3-dev"
                }
            },
            "autoload": {
                "psr-0": {
                    "Symfony\\Component\\HttpKernel\\": ""
                }
            },
            "notification-url": "https://packagist.org/downloads/",
            "license": [
                "MIT"
            ],
            "authors": [
                {
                    "name": "Fabien Potencier",
                    "email": "fabien@symfony.com"
                },
                {
                    "name": "Symfony Community",
                    "homepage": "https://symfony.com/contributors"
                }
            ],
            "description": "Symfony HttpKernel Component",
            "homepage": "https://symfony.com",
            "time": "2015-07-30 07:37:09"
        },
        {
            "name": "symfony/routing",
            "version": "2.3.x-dev",
            "target-dir": "Symfony/Component/Routing",
            "source": {
                "type": "git",
                "url": "https://github.com/symfony/Routing.git",
                "reference": "fbadda8d2a35bdec8187bd54f698b8b704649721"
            },
            "dist": {
                "type": "zip",
                "url": "https://api.github.com/repos/symfony/Routing/zipball/fbadda8d2a35bdec8187bd54f698b8b704649721",
                "reference": "fbadda8d2a35bdec8187bd54f698b8b704649721",
                "shasum": ""
            },
            "require": {
                "php": ">=5.3.3"
            },
            "require-dev": {
                "doctrine/common": "~2.2",
                "psr/log": "~1.0",
                "symfony/config": "~2.2",
                "symfony/http-foundation": "~2.3",
                "symfony/phpunit-bridge": "~2.7",
                "symfony/yaml": "~2.0,>=2.0.5"
            },
            "suggest": {
                "doctrine/common": "",
                "symfony/config": "",
                "symfony/yaml": ""
            },
            "type": "library",
            "extra": {
                "branch-alias": {
                    "dev-master": "2.3-dev"
                }
            },
            "autoload": {
                "psr-0": {
                    "Symfony\\Component\\Routing\\": ""
                }
            },
            "notification-url": "https://packagist.org/downloads/",
            "license": [
                "MIT"
            ],
            "authors": [
                {
                    "name": "Fabien Potencier",
                    "email": "fabien@symfony.com"
                },
                {
                    "name": "Symfony Community",
                    "homepage": "https://symfony.com/contributors"
                }
            ],
            "description": "Symfony Routing Component",
            "homepage": "https://symfony.com",
            "time": "2015-08-01 19:33:42"
        },
        {
            "name": "symfony/twig-bridge",
            "version": "2.1.x-dev",
            "target-dir": "Symfony/Bridge/Twig",
            "source": {
                "type": "git",
                "url": "https://github.com/symfony/TwigBridge.git",
                "reference": "e3a48a99971c35ad8d1c5bf36b6b3d22b15df306"
            },
            "dist": {
                "type": "zip",
                "url": "https://api.github.com/repos/symfony/TwigBridge/zipball/e3a48a99971c35ad8d1c5bf36b6b3d22b15df306",
                "reference": "e3a48a99971c35ad8d1c5bf36b6b3d22b15df306",
                "shasum": ""
            },
            "require": {
                "php": ">=5.3.3",
                "twig/twig": ">=1.9.1,<2.0-dev"
            },
            "require-dev": {
                "symfony/form": "2.1.*",
                "symfony/routing": "2.1.*",
                "symfony/security": "2.1.*",
                "symfony/templating": "2.1.*",
                "symfony/translation": "2.1.*",
                "symfony/yaml": "2.1.*"
            },
            "suggest": {
                "symfony/form": "2.1.*",
                "symfony/routing": "2.1.*",
                "symfony/security": "2.1.*",
                "symfony/templating": "2.1.*",
                "symfony/translation": "2.1.*",
                "symfony/yaml": "2.1.*"
            },
            "type": "symfony-bridge",
            "autoload": {
                "psr-0": {
                    "Symfony\\Bridge\\Twig": ""
                }
            },
            "notification-url": "https://packagist.org/downloads/",
            "license": [
                "MIT"
            ],
            "authors": [
                {
                    "name": "Fabien Potencier",
                    "email": "fabien@symfony.com",
                    "homepage": "http://fabien.potencier.org",
                    "role": "Lead Developer"
                },
                {
                    "name": "Symfony Community",
                    "homepage": "http://symfony.com/contributors"
                }
            ],
            "description": "Symfony Twig Bridge",
            "homepage": "http://symfony.com",
            "time": "2013-04-22 04:28:40"
        },
        {
            "name": "twig/twig",
            "version": "dev-master",
            "source": {
                "type": "git",
                "url": "git://github.com/fabpot/Twig.git",
                "reference": "ddd4b732f9aa182edb54b89891c7fd25668354a4"
            },
            "dist": {
                "type": "zip",
                "url": "https://github.com/fabpot/Twig/archive/ddd4b732f9aa182edb54b89891c7fd25668354a4.zip",
                "reference": "ddd4b732f9aa182edb54b89891c7fd25668354a4",
                "shasum": ""
            },
            "require": {
                "php": ">=5.2.4"
            },
            "type": "library",
            "extra": {
                "branch-alias": {
                    "dev-master": "1.12-dev"
                }
            },
            "autoload": {
                "psr-0": {
                    "Twig_": "lib/"
                }
            },
            "notification-url": "https://packagist.org/downloads/",
            "license": [
                "BSD-3"
            ],
            "authors": [
                {
                    "name": "Fabien Potencier",
                    "email": "fabien@symfony.com"
                },
                {
                    "name": "Armin Ronacher",
                    "email": "armin.ronacher@active-4.com"
                }
            ],
            "description": "Twig, the flexible, fast, and secure template language for PHP",
            "homepage": "http://twig.sensiolabs.org",
            "keywords": [
                "templating"
            ],
            "time": "2013-01-05 10:14:46"
        }
    ],
    "packages-dev": [],
    "aliases": [],
    "minimum-stability": "dev",
    "stability-flags": [],
    "prefer-stable": false,
    "prefer-lowest": false,
    "platform": {
        "ext-mongo": "^1.6"
    },
    "platform-dev": []
}
